
Microsoft Visual Studio Solution File, Format Version 12.00
# Visual Studio Version 16
VisualStudioVersion = 16.0.30907.101
MinimumVisualStudioVersion = 10.0.40219.1
Project("{FAE04EC0-301F-11D3-BF4B-00C04F79EFBC}") = "CapaVista", "CapaVista\CapaVista.csproj", "{2F655D03-E0A6-44B2-AA0B-3BAF497512A1}"
EndProject
Project("{FAE04EC0-301F-11D3-BF4B-00C04F79EFBC}") = "CapaModelo", "CapaModelo\CapaModelo.csproj", "{385FE356-332E-411D-8D02-09C27766F0EE}"
EndProject
Project("{FAE04EC0-301F-11D3-BF4B-00C04F79EFBC}") = "CapaControlador", "CapaControlador\CapaControlador.csproj", "{AC3C73D2-A758-4B27-8B15-C815756F1323}"
EndProject
Global
	GlobalSection(SolutionConfigurationPlatforms) = preSolution
		Debug|Any CPU = Debug|Any CPU
		Release|Any CPU = Release|Any CPU
	EndGlobalSection
	GlobalSection(ProjectConfigurationPlatforms) = postSolution
		{2F655D03-E0A6-44B2-AA0B-3BAF497512A1}.Debug|Any CPU.ActiveCfg = Debug|Any CPU
		{2F655D03-E0A6-44B2-AA0B-3BAF497512A1}.Debug|Any CPU.Build.0 = Debug|Any CPU
		{2F655D03-E0A6-44B2-AA0B-3BAF497512A1}.Release|Any CPU.ActiveCfg = Release|Any CPU
		{2F655D03-E0A6-44B2-AA0B-3BAF497512A1}.Release|Any CPU.Build.0 = Release|Any CPU
		{385FE356-332E-411D-8D02-09C27766F0EE}.Debug|Any CPU.ActiveCfg = Debug|Any CPU
		{385FE356-332E-411D-8D02-09C27766F0EE}.Debug|Any CPU.Build.0 = Debug|Any CPU
		{385FE356-332E-411D-8D02-09C27766F0EE}.Release|Any CPU.ActiveCfg = Release|Any CPU
		{385FE356-332E-411D-8D02-09C27766F0EE}.Release|Any CPU.Build.0 = Release|Any CPU
		{AC3C73D2-A758-4B27-8B15-C815756F1323}.Debug|Any CPU.ActiveCfg = Debug|Any CPU
		{AC3C73D2-A758-4B27-8B15-C815756F1323}.Debug|Any CPU.Build.0 = Debug|Any CPU
		{AC3C73D2-A758-4B27-8B15-C815756F1323}.Release|Any CPU.ActiveCfg = Release|Any CPU
		{AC3C73D2-A758-4B27-8B15-C815756F1323}.Release|Any CPU.Build.0 = Release|Any CPU
	EndGlobalSection
	GlobalSection(SolutionProperties) = preSolution
		HideSolutionNode = FALSE
	EndGlobalSection
	GlobalSection(ExtensibilityGlobals) = postSolution
		SolutionGuid = {2E7F1D5F-15F0-45A4-B1DE-C04435ED5071}
	EndGlobalSection
EndGlobal
